
Microsoft Visual Studio Solution File, Format Version 12.00
# Visual Studio Version 17
VisualStudioVersion = 17.11.35222.181
MinimumVisualStudioVersion = 10.0.40219.1
Project("{FAE04EC0-301F-11D3-BF4B-00C04F79EFBC}") = "ovn1", "ovn1\ovn1.csproj", "{8F1E9D7C-B704-4BEA-81DB-496CEF8AAC7B}"
EndProject
Global
	GlobalSection(SolutionConfigurationPlatforms) = preSolution
		Debug|Any CPU = Debug|Any CPU
		Release|Any CPU = Release|Any CPU
	EndGlobalSection
	GlobalSection(ProjectConfigurationPlatforms) = postSolution
		{8F1E9D7C-B704-4BEA-81DB-496CEF8AAC7B}.Debug|Any CPU.ActiveCfg = Debug|Any CPU
		{8F1E9D7C-B704-4BEA-81DB-496CEF8AAC7B}.Debug|Any CPU.Build.0 = Debug|Any CPU
		{8F1E9D7C-B704-4BEA-81DB-496CEF8AAC7B}.Release|Any CPU.ActiveCfg = Release|Any CPU
		{8F1E9D7C-B704-4BEA-81DB-496CEF8AAC7B}.Release|Any CPU.Build.0 = Release|Any CPU
	EndGlobalSection
	GlobalSection(SolutionProperties) = preSolution
		HideSolutionNode = FALSE
	EndGlobalSection
	GlobalSection(ExtensibilityGlobals) = postSolution
		SolutionGuid = {91D68973-AA8D-4DE3-B0B1-92F607318463}
	EndGlobalSection
EndGlobal
